
Microsoft Visual Studio Solution File, Format Version 12.00
# Visual Studio Version 17
VisualStudioVersion = 17.11.35312.102
MinimumVisualStudioVersion = 10.0.40219.1
Project("{9A19103F-16F7-4668-BE54-9A1E7A4F7556}") = "MiPymes Front-end C#", "MiPymes Front-end C#.csproj", "{02BB7F61-61A8-4278-81B0-8DBE53731A28}"
EndProject
Project("{FAE04EC0-301F-11D3-BF4B-00C04F79EFBC}") = "MiPyme.test", "..\MiPyme.test\MiPyme.test.csproj", "{14F75FF1-3D45-4C90-B917-FAA7D168BAEC}"
EndProject
Global
	GlobalSection(SolutionConfigurationPlatforms) = preSolution
		Debug|Any CPU = Debug|Any CPU
		Release|Any CPU = Release|Any CPU
	EndGlobalSection
	GlobalSection(ProjectConfigurationPlatforms) = postSolution
		{02BB7F61-61A8-4278-81B0-8DBE53731A28}.Debug|Any CPU.ActiveCfg = Debug|Any CPU
		{02BB7F61-61A8-4278-81B0-8DBE53731A28}.Debug|Any CPU.Build.0 = Debug|Any CPU
		{02BB7F61-61A8-4278-81B0-8DBE53731A28}.Release|Any CPU.ActiveCfg = Release|Any CPU
		{02BB7F61-61A8-4278-81B0-8DBE53731A28}.Release|Any CPU.Build.0 = Release|Any CPU
		{14F75FF1-3D45-4C90-B917-FAA7D168BAEC}.Debug|Any CPU.ActiveCfg = Debug|Any CPU
		{14F75FF1-3D45-4C90-B917-FAA7D168BAEC}.Debug|Any CPU.Build.0 = Debug|Any CPU
		{14F75FF1-3D45-4C90-B917-FAA7D168BAEC}.Release|Any CPU.ActiveCfg = Release|Any CPU
		{14F75FF1-3D45-4C90-B917-FAA7D168BAEC}.Release|Any CPU.Build.0 = Release|Any CPU
	EndGlobalSection
	GlobalSection(SolutionProperties) = preSolution
		HideSolutionNode = FALSE
	EndGlobalSection
	GlobalSection(ExtensibilityGlobals) = postSolution
		SolutionGuid = {8BDFE021-ED73-4776-BD44-BF3D64833176}
	EndGlobalSection
EndGlobal
